
Microsoft Visual Studio Solution File, Format Version 12.00
# Visual Studio Version 16
VisualStudioVersion = 16.0.30907.101
MinimumVisualStudioVersion = 10.0.40219.1
Project("{FAE04EC0-301F-11D3-BF4B-00C04F79EFBC}") = "GameBackend", "GameBackend\GameBackend.csproj", "{39AEFE9C-BD5E-4B00-B803-A7894FB879A2}"
EndProject
Global
	GlobalSection(SolutionConfigurationPlatforms) = preSolution
		Debug|Any CPU = Debug|Any CPU
		Release|Any CPU = Release|Any CPU
	EndGlobalSection
	GlobalSection(ProjectConfigurationPlatforms) = postSolution
		{39AEFE9C-BD5E-4B00-B803-A7894FB879A2}.Debug|Any CPU.ActiveCfg = Debug|Any CPU
		{39AEFE9C-BD5E-4B00-B803-A7894FB879A2}.Debug|Any CPU.Build.0 = Debug|Any CPU
		{39AEFE9C-BD5E-4B00-B803-A7894FB879A2}.Release|Any CPU.ActiveCfg = Release|Any CPU
		{39AEFE9C-BD5E-4B00-B803-A7894FB879A2}.Release|Any CPU.Build.0 = Release|Any CPU
	EndGlobalSection
	GlobalSection(SolutionProperties) = preSolution
		HideSolutionNode = FALSE
	EndGlobalSection
	GlobalSection(ExtensibilityGlobals) = postSolution
		SolutionGuid = {1B9710D2-3E9B-4DD6-B7E5-1D037BA888EB}
	EndGlobalSection
EndGlobal
